{
  "requires": true,
  "lockfileVersion": 1,
  "dependencies": {
    "@react-native-community/hooks": {
      "version": "2.6.0",
      "resolved": "https://registry.npmjs.org/@react-native-community/hooks/-/hooks-2.6.0.tgz",
      "integrity": "sha512-emBGKvhJ0h++lLJQ5ejsj+od9G67nEaihjvfSx7/JWvNrQGAhP9U0OZqgb9dkKzor9Ufaj9SGt8RNY97cGzttw=="
    }
  }
}
